
Microsoft Visual Studio Solution File, Format Version 12.00
# Visual Studio Version 16
VisualStudioVersion = 16.0.31019.35
MinimumVisualStudioVersion = 10.0.40219.1
Project("{FAE04EC0-301F-11D3-BF4B-00C04F79EFBC}") = "InheritanceUygulamaOrnegi", "InheritanceUygulamaOrnegi\InheritanceUygulamaOrnegi.csproj", "{DDF1758A-8094-43E9-9F74-6A6C4E14F789}"
EndProject
Global
	GlobalSection(SolutionConfigurationPlatforms) = preSolution
		Debug|Any CPU = Debug|Any CPU
		Release|Any CPU = Release|Any CPU
	EndGlobalSection
	GlobalSection(ProjectConfigurationPlatforms) = postSolution
		{DDF1758A-8094-43E9-9F74-6A6C4E14F789}.Debug|Any CPU.ActiveCfg = Debug|Any CPU
		{DDF1758A-8094-43E9-9F74-6A6C4E14F789}.Debug|Any CPU.Build.0 = Debug|Any CPU
		{DDF1758A-8094-43E9-9F74-6A6C4E14F789}.Release|Any CPU.ActiveCfg = Release|Any CPU
		{DDF1758A-8094-43E9-9F74-6A6C4E14F789}.Release|Any CPU.Build.0 = Release|Any CPU
	EndGlobalSection
	GlobalSection(SolutionProperties) = preSolution
		HideSolutionNode = FALSE
	EndGlobalSection
	GlobalSection(ExtensibilityGlobals) = postSolution
		SolutionGuid = {8ECFC3A9-D895-44D4-BBBE-DCA520BBAA9C}
	EndGlobalSection
EndGlobal
